
Microsoft Visual Studio Solution File, Format Version 12.00
# Visual Studio 15
VisualStudioVersion = 15.0.27703.2026
MinimumVisualStudioVersion = 10.0.40219.1
Project("{FAE04EC0-301F-11D3-BF4B-00C04F79EFBC}") = "Excersize75", "Excersize75\Excersize75.csproj", "{3FA27EFE-DCB9-4EBD-9BA1-F8035F24FE8D}"
EndProject
Global
	GlobalSection(SolutionConfigurationPlatforms) = preSolution
		Debug|Any CPU = Debug|Any CPU
		Release|Any CPU = Release|Any CPU
	EndGlobalSection
	GlobalSection(ProjectConfigurationPlatforms) = postSolution
		{3FA27EFE-DCB9-4EBD-9BA1-F8035F24FE8D}.Debug|Any CPU.ActiveCfg = Debug|Any CPU
		{3FA27EFE-DCB9-4EBD-9BA1-F8035F24FE8D}.Debug|Any CPU.Build.0 = Debug|Any CPU
		{3FA27EFE-DCB9-4EBD-9BA1-F8035F24FE8D}.Release|Any CPU.ActiveCfg = Release|Any CPU
		{3FA27EFE-DCB9-4EBD-9BA1-F8035F24FE8D}.Release|Any CPU.Build.0 = Release|Any CPU
	EndGlobalSection
	GlobalSection(SolutionProperties) = preSolution
		HideSolutionNode = FALSE
	EndGlobalSection
	GlobalSection(ExtensibilityGlobals) = postSolution
		SolutionGuid = {5D563DBA-BBFD-4FAD-9836-14FC1FC73D69}
	EndGlobalSection
EndGlobal
